
Microsoft Visual Studio Solution File, Format Version 12.00
# Visual Studio Version 17
VisualStudioVersion = 17.11.35312.102
MinimumVisualStudioVersion = 10.0.40219.1
Project("{FAE04EC0-301F-11D3-BF4B-00C04F79EFBC}") = "Nokhba", "Nokhba\Nokhba.csproj", "{41121143-6C97-4F2D-AD98-49F60F49B627}"
EndProject
Global
	GlobalSection(SolutionConfigurationPlatforms) = preSolution
		Debug|Any CPU = Debug|Any CPU
		Release|Any CPU = Release|Any CPU
	EndGlobalSection
	GlobalSection(ProjectConfigurationPlatforms) = postSolution
		{41121143-6C97-4F2D-AD98-49F60F49B627}.Debug|Any CPU.ActiveCfg = Debug|Any CPU
		{41121143-6C97-4F2D-AD98-49F60F49B627}.Debug|Any CPU.Build.0 = Debug|Any CPU
		{41121143-6C97-4F2D-AD98-49F60F49B627}.Release|Any CPU.ActiveCfg = Release|Any CPU
		{41121143-6C97-4F2D-AD98-49F60F49B627}.Release|Any CPU.Build.0 = Release|Any CPU
	EndGlobalSection
	GlobalSection(SolutionProperties) = preSolution
		HideSolutionNode = FALSE
	EndGlobalSection
	GlobalSection(ExtensibilityGlobals) = postSolution
		SolutionGuid = {22FCD6C1-7A12-4C1C-89AD-C097F7490DF2}
	EndGlobalSection
EndGlobal
